{
  "name": "change3",
  "version": "1.0.0",
  "lockfileVersion": 1,
  "requires": true,
  "dependencies": {
    "@google-web-components/google-apis": {
      "version": "3.0.1",
      "resolved": "https://registry.npmjs.org/@google-web-components/google-apis/-/google-apis-3.0.1.tgz",
      "integrity": "sha512-mOY53UgHz0bQKLRhunMgC+2skTHniq7UWlQ3rs3x9tcZDbTuxe5d9tZA1wt/j4vXViBHa//G+b3Syx8XOoqAwg==",
      "requires": {
        "@polymer/iron-jsonp-library": "^3.0.0-pre.19",
        "@polymer/polymer": "^3.0.0"
      }
    },
    "@google-web-components/google-signin": {
      "version": "3.0.1",
      "resolved": "https://registry.npmjs.org/@google-web-components/google-signin/-/google-signin-3.0.1.tgz",
      "integrity": "sha512-9iEiwv3Xo7HaKxAaJ8q5kibzfue1pcZlRCc6snm9PmaFIuWJuT6qXdvjghNx5Vh1vl2IttKdXhBhzpudFjjzgw==",
      "requires": {
        "@google-web-components/google-apis": "^3.0.0",
        "@polymer/font-roboto": "^3.0.0-pre.18",
        "@polymer/iron-flex-layout": "^3.0.0-pre.18",
        "@polymer/iron-icon": "^3.0.0-pre.18",
        "@polymer/iron-iconset-svg": "^3.0.0-pre.18",
        "@polymer/paper-material": "^3.0.0-pre.18",
        "@polymer/paper-ripple": "^3.0.0-pre.18",
        "@polymer/polymer": "^3.0.0"
      }
    },
    "@granite-elements/ace-widget": {
      "version": "2.2.7-b1",
      "resolved": "https://registry.npmjs.org/@granite-elements/ace-widget/-/ace-widget-2.2.7-b1.tgz",
      "integrity": "sha512-e+PA96AUAtUu69TKrTZzOyrjPG068yL/KGNViRkpxubdJ3V6j9wcuIfMYy13Dqa7PvxOVPZZwjYOnWPgaE8j5Q==",
      "requires": {
        "@polymer/polymer": "^3.0.0",
        "ace-builds": "^1.4.0"
      }
    },
    "@polymer/font-roboto": {
      "version": "3.0.2",
      "resolved": "https://registry.npmjs.org/@polymer/font-roboto/-/font-roboto-3.0.2.tgz",
      "integrity": "sha512-tx5TauYSmzsIvmSqepUPDYbs4/Ejz2XbZ1IkD7JEGqkdNUJlh+9KU85G56Tfdk/xjEZ8zorFfN09OSwiMrIQWA=="
    },
    "@polymer/iron-a11y-keys-behavior": {
      "version": "3.0.1",
      "resolved": "https://registry.npmjs.org/@polymer/iron-a11y-keys-behavior/-/iron-a11y-keys-behavior-3.0.1.tgz",
      "integrity": "sha512-lnrjKq3ysbBPT/74l0Fj0U9H9C35Tpw2C/tpJ8a+5g8Y3YJs1WSZYnEl1yOkw6sEyaxOq/1DkzH0+60gGu5/PQ==",
      "requires": {
        "@polymer/polymer": "^3.0.0"
      }
    },
    "@polymer/iron-flex-layout": {
      "version": "3.0.1",
      "resolved": "https://registry.npmjs.org/@polymer/iron-flex-layout/-/iron-flex-layout-3.0.1.tgz",
      "integrity": "sha512-7gB869czArF+HZcPTVSgvA7tXYFze9EKckvM95NB7SqYF+NnsQyhoXgKnpFwGyo95lUjUW9TFDLUwDXnCYFtkw==",
      "requires": {
        "@polymer/polymer": "^3.0.0"
      }
    },
    "@polymer/iron-icon": {
      "version": "3.0.1",
      "resolved": "https://registry.npmjs.org/@polymer/iron-icon/-/iron-icon-3.0.1.tgz",
      "integrity": "sha512-QLPwirk+UPZNaLnMew9VludXA4CWUCenRewgEcGYwdzVgDPCDbXxy6vRJjmweZobMQv/oVLppT2JZtJFnPxX6g==",
      "requires": {
        "@polymer/iron-flex-layout": "^3.0.0-pre.26",
        "@polymer/iron-meta": "^3.0.0-pre.26",
        "@polymer/polymer": "^3.0.0"
      }
    },
    "@polymer/iron-icons": {
      "version": "3.0.1",
      "resolved": "https://registry.npmjs.org/@polymer/iron-icons/-/iron-icons-3.0.1.tgz",
      "integrity": "sha512-xtEI8erH2GIBiF3QxEMyW81XuVjguu6Le5WjEEpX67qd9z7jjmc4T/ke3zRUlnDydex9p8ytcwVpMIKcyvjYAQ==",
      "requires": {
        "@polymer/iron-icon": "^3.0.0-pre.26",
        "@polymer/iron-iconset-svg": "^3.0.0-pre.26",
        "@polymer/polymer": "^3.0.0"
      }
    },
    "@polymer/iron-iconset-svg": {
      "version": "3.0.1",
      "resolved": "https://registry.npmjs.org/@polymer/iron-iconset-svg/-/iron-iconset-svg-3.0.1.tgz",
      "integrity": "sha512-XNwURbNHRw6u2fJe05O5fMYye6GSgDlDqCO+q6K1zAnKIrpgZwf2vTkBd5uCcZwsN0FyCB3mvNZx4jkh85dRDw==",
      "requires": {
        "@polymer/iron-meta": "^3.0.0-pre.26",
        "@polymer/polymer": "^3.0.0"
      }
    },
    "@polymer/iron-jsonp-library": {
      "version": "3.0.1",
      "resolved": "https://registry.npmjs.org/@polymer/iron-jsonp-library/-/iron-jsonp-library-3.0.1.tgz",
      "integrity": "sha512-JpIommURLt9DCqcaJaxsUiDWEaVWV2zoq12oJAMO65Do9Sl9TAv556bI7I4mLJcE40otPZ4wYap4kFViORMiKA==",
      "requires": {
        "@polymer/polymer": "^3.0.0"
      }
    },
    "@polymer/iron-meta": {
      "version": "3.0.1",
      "resolved": "https://registry.npmjs.org/@polymer/iron-meta/-/iron-meta-3.0.1.tgz",
      "integrity": "sha512-pWguPugiLYmWFV9UWxLWzZ6gm4wBwQdDy4VULKwdHCqR7OP7u98h+XDdGZsSlDPv6qoryV/e3tGHlTIT0mbzJA==",
      "requires": {
        "@polymer/polymer": "^3.0.0"
      }
    },
    "@polymer/iron-resizable-behavior": {
      "version": "3.0.1",
      "resolved": "https://registry.npmjs.org/@polymer/iron-resizable-behavior/-/iron-resizable-behavior-3.0.1.tgz",
      "integrity": "sha512-FyHxRxFspVoRaeZSWpT3y0C9awomb4tXXolIJcZ7RvXhMP632V5lez+ch5G5SwK0LpnAPkg35eB0LPMFv+YMMQ==",
      "requires": {
        "@polymer/polymer": "^3.0.0"
      }
    },
    "@polymer/paper-material": {
      "version": "3.0.1",
      "resolved": "https://registry.npmjs.org/@polymer/paper-material/-/paper-material-3.0.1.tgz",
      "integrity": "sha512-FUa3iqEcwjYtUzMqIh9cEfdTJE8ZtRasAzxVbck5GChthA/T2HwnhjAyqzN4lusVMyafdl3rjNEwhVPK/Pmykg==",
      "requires": {
        "@polymer/paper-styles": "^3.0.0-pre.26",
        "@polymer/polymer": "^3.0.0"
      }
    },
    "@polymer/paper-ripple": {
      "version": "3.0.2",
      "resolved": "https://registry.npmjs.org/@polymer/paper-ripple/-/paper-ripple-3.0.2.tgz",
      "integrity": "sha512-DnLNvYIMsiayeICroYxx6Q6Hg1cUU8HN2sbutXazlemAlGqdq80qz3TIaVdbpbt/pvjcFGX2HtntMlPstCge8Q==",
      "requires": {
        "@polymer/iron-a11y-keys-behavior": "^3.0.0-pre.26",
        "@polymer/polymer": "^3.0.0"
      }
    },
    "@polymer/paper-styles": {
      "version": "3.0.1",
      "resolved": "https://registry.npmjs.org/@polymer/paper-styles/-/paper-styles-3.0.1.tgz",
      "integrity": "sha512-y6hmObLqlCx602TQiSBKHqjwkE7xmDiFkoxdYGaNjtv4xcysOTdVJsDR/R9UHwIaxJ7gHlthMSykir1nv78++g==",
      "requires": {
        "@polymer/font-roboto": "^3.0.1",
        "@polymer/iron-flex-layout": "^3.0.0-pre.26",
        "@polymer/polymer": "^3.0.0"
      }
    },
    "@polymer/polymer": {
      "version": "3.4.1",
      "resolved": "https://registry.npmjs.org/@polymer/polymer/-/polymer-3.4.1.tgz",
      "integrity": "sha512-KPWnhDZibtqKrUz7enIPOiO4ZQoJNOuLwqrhV2MXzIt3VVnUVJVG5ORz4Z2sgO+UZ+/UZnPD0jqY+jmw/+a9mQ==",
      "requires": {
        "@webcomponents/shadycss": "^1.9.1"
      }
    },
    "@vaadin/vaadin-button": {
      "version": "2.4.0",
      "resolved": "https://registry.npmjs.org/@vaadin/vaadin-button/-/vaadin-button-2.4.0.tgz",
      "integrity": "sha512-C94F07OOb5Ciq2BY4CklIQG+WJFA6QoTFDQl8JJloJgPI12b9kmyP8uRgfq4VAHHusqKqIvA8AB6VZuGg5lagg==",
      "requires": {
        "@polymer/polymer": "^3.0.0",
        "@vaadin/vaadin-control-state-mixin": "^2.2.1",
        "@vaadin/vaadin-element-mixin": "^2.4.1",
        "@vaadin/vaadin-lumo-styles": "^1.3.3",
        "@vaadin/vaadin-material-styles": "^1.2.0",
        "@vaadin/vaadin-themable-mixin": "^1.6.1"
      }
    },
    "@vaadin/vaadin-control-state-mixin": {
      "version": "2.2.6",
      "resolved": "https://registry.npmjs.org/@vaadin/vaadin-control-state-mixin/-/vaadin-control-state-mixin-2.2.6.tgz",
      "integrity": "sha512-3edQSooBoHVC3RexL6hi3/26HMGvG1jlxLq6ffH9c+GapuZ9zh6E2KyZa/Sz1jmLZwfZII7exgwkHhEYUZZrJA==",
      "requires": {
        "@polymer/polymer": "^3.0.0"
      }
    },
    "@vaadin/vaadin-development-mode-detector": {
      "version": "2.0.5",
      "resolved": "https://registry.npmjs.org/@vaadin/vaadin-development-mode-detector/-/vaadin-development-mode-detector-2.0.5.tgz",
      "integrity": "sha512-miirBQw10UHjKwRv29iZniXCo41cLg3wFotoyTeUZ2PTGIDk/fZVFr4Q4WVKZrp3D15878vz94nNQROSmPLjdg=="
    },
    "@vaadin/vaadin-dialog": {
      "version": "2.6.0",
      "resolved": "https://registry.npmjs.org/@vaadin/vaadin-dialog/-/vaadin-dialog-2.6.0.tgz",
      "integrity": "sha512-CciEbULUPdVgN9irsT2Ch/RnjS96wdQwgi4AgpTNID9fnO93TbdKgmD/gPCnLG9wnraDxJ+JqRQjbJBSOOyQGQ==",
      "requires": {
        "@polymer/iron-resizable-behavior": "^3.0.0",
        "@polymer/polymer": "^3.0.0",
        "@vaadin/vaadin-element-mixin": "^2.4.1",
        "@vaadin/vaadin-lumo-styles": "^1.6.0",
        "@vaadin/vaadin-material-styles": "^1.3.2",
        "@vaadin/vaadin-overlay": "^3.5.0",
        "@vaadin/vaadin-themable-mixin": "^1.6.1"
      }
    },
    "@vaadin/vaadin-element-mixin": {
      "version": "2.4.2",
      "resolved": "https://registry.npmjs.org/@vaadin/vaadin-element-mixin/-/vaadin-element-mixin-2.4.2.tgz",
      "integrity": "sha512-VSDVK0XUsFe/RohpwSzQwgqb2Pwpok6sDNhIDS4CARr3HPhq2voMzT/FowFbkEy0J1hFtN/ZfC7tkv3kdEKKIQ==",
      "requires": {
        "@polymer/polymer": "^3.0.0",
        "@vaadin/vaadin-development-mode-detector": "^2.0.0",
        "@vaadin/vaadin-usage-statistics": "^2.1.0"
      }
    },
    "@vaadin/vaadin-lumo-styles": {
      "version": "1.6.1",
      "resolved": "https://registry.npmjs.org/@vaadin/vaadin-lumo-styles/-/vaadin-lumo-styles-1.6.1.tgz",
      "integrity": "sha512-Yh9ZcekpY7byXP1QJnfx94rVvK71xHBEspsVV7LL7YMvqXU4EAYuzQGYsljryV4PGS9PFPD6sqbGqhEkIhHPnQ==",
      "requires": {
        "@polymer/iron-icon": "^3.0.0",
        "@polymer/iron-iconset-svg": "^3.0.0",
        "@polymer/polymer": "^3.0.0"
      }
    },
    "@vaadin/vaadin-material-styles": {
      "version": "1.3.2",
      "resolved": "https://registry.npmjs.org/@vaadin/vaadin-material-styles/-/vaadin-material-styles-1.3.2.tgz",
      "integrity": "sha512-EFrvGScoxhLNrPnWtT2Ia77whjF2TD4jrcyeh1jv9joCA2n5SUba+4XJciVSGmopqqQato6lwRnZSvMLJX7cyw==",
      "requires": {
        "@polymer/polymer": "^3.0.0"
      }
    },
    "@vaadin/vaadin-overlay": {
      "version": "3.5.1",
      "resolved": "https://registry.npmjs.org/@vaadin/vaadin-overlay/-/vaadin-overlay-3.5.1.tgz",
      "integrity": "sha512-0g+poK/BXF92L2lSKrHMY5rcKzUxCBZNzP/NDwgi4a86nbjL7CAKKZdno7Yl+j8UsTR76nOEw4fAYTFi86B0qg==",
      "requires": {
        "@polymer/polymer": "^3.0.0",
        "@vaadin/vaadin-element-mixin": "^2.4.0",
        "@vaadin/vaadin-lumo-styles": "^1.3.0",
        "@vaadin/vaadin-material-styles": "^1.2.0",
        "@vaadin/vaadin-themable-mixin": "^1.6.1"
      }
    },
    "@vaadin/vaadin-text-field": {
      "version": "2.9.2",
      "resolved": "https://registry.npmjs.org/@vaadin/vaadin-text-field/-/vaadin-text-field-2.9.2.tgz",
      "integrity": "sha512-2srIvwE/zZBUeiuzkl6Ais7DRkSEFXRejgew3HTwbRNnPtQDaqHfMLcp8ijIkPHM4ZxHqi4gKuJrTL9acPCMTA==",
      "requires": {
        "@polymer/polymer": "^3.0.0",
        "@vaadin/vaadin-control-state-mixin": "^2.2.1",
        "@vaadin/vaadin-element-mixin": "^2.4.1",
        "@vaadin/vaadin-lumo-styles": "^1.6.0",
        "@vaadin/vaadin-material-styles": "^1.3.2",
        "@vaadin/vaadin-themable-mixin": "^1.6.1"
      }
    },
    "@vaadin/vaadin-themable-mixin": {
      "version": "1.6.2",
      "resolved": "https://registry.npmjs.org/@vaadin/vaadin-themable-mixin/-/vaadin-themable-mixin-1.6.2.tgz",
      "integrity": "sha512-PZZOZnke3KUlZsDrRVbWxAGEeFBPRyRayNRCvip0XnQK+Zs3cLuRgdgbdro3Ir9LZ3Izsw6HqA6XNMKffEP67A==",
      "requires": {
        "@polymer/polymer": "^3.0.0",
        "lit-element": "^2.0.0"
      }
    },
    "@vaadin/vaadin-usage-statistics": {
      "version": "2.1.2",
      "resolved": "https://registry.npmjs.org/@vaadin/vaadin-usage-statistics/-/vaadin-usage-statistics-2.1.2.tgz",
      "integrity": "sha512-xKs1PvRfTXsG0eWWcImLXWjv7D+f1vfoIvovppv6pZ5QX8xgcxWUdNgERlOOdGt3CTuxQXukTBW3+Qfva+OXSg==",
      "requires": {
        "@vaadin/vaadin-development-mode-detector": "^2.0.0"
      }
    },
    "@webcomponents/shadycss": {
      "version": "1.10.1",
      "resolved": "https://registry.npmjs.org/@webcomponents/shadycss/-/shadycss-1.10.1.tgz",
      "integrity": "sha512-XEVDA7oH6o4Au9apyRDucjcIzvP44Ur4sqTMGRKCcE6sCAeKiOkRE03TCYNJAFkzckMWWT8Xx3IxG3iwjAcsRQ=="
    },
    "@webcomponents/webcomponentsjs": {
      "version": "2.7.0",
      "resolved": "https://registry.npmjs.org/@webcomponents/webcomponentsjs/-/webcomponentsjs-2.7.0.tgz",
      "integrity": "sha512-j161Z9oiy8k74vchdrQGihfSp7QulrTclCUiPo0D7JF6/RjpXAmB0ThlTAFlSElkgqg0vdFgNAXaX9ZHZy25wQ=="
    },
    "ace-builds": {
      "version": "1.4.12",
      "resolved": "https://registry.npmjs.org/ace-builds/-/ace-builds-1.4.12.tgz",
      "integrity": "sha512-G+chJctFPiiLGvs3+/Mly3apXTcfgE45dT5yp12BcWZ1kUs+gm0qd3/fv4gsz6fVag4mM0moHVpjHDIgph6Psg=="
    },
    "buffer-equal-constant-time": {
      "version": "1.0.1",
      "resolved": "https://registry.npmjs.org/buffer-equal-constant-time/-/buffer-equal-constant-time-1.0.1.tgz",
      "integrity": "sha512-zRpUiDwd/xk6ADqPMATG8vc9VPrkck7T07OIx0gnjmJAnHnTVXNQG3vfvWNuiZIkwu9KrKdA1iJKfsfTVxE6NA=="
    },
    "crypto-js": {
      "version": "4.1.1",
      "resolved": "https://registry.npmjs.org/crypto-js/-/crypto-js-4.1.1.tgz",
      "integrity": "sha512-o2JlM7ydqd3Qk9CA0L4NL6mTzU2sdx96a+oOfPu8Mkl/PK51vSyoi8/rQ8NknZtk44vq15lmhAj9CIAGwgeWKw=="
    },
    "ecdsa-sig-formatter": {
      "version": "1.0.11",
      "resolved": "https://registry.npmjs.org/ecdsa-sig-formatter/-/ecdsa-sig-formatter-1.0.11.tgz",
      "integrity": "sha512-nagl3RYrbNv6kQkeJIpt6NJZy8twLB/2vtz6yN9Z4vRKHN4/QZJIEbqohALSgwKdnksuY3k5Addp5lg8sVoVcQ==",
      "requires": {
        "safe-buffer": "^5.0.1"
      }
    },
    "jsonwebtoken": {
      "version": "9.0.0",
      "resolved": "https://registry.npmjs.org/jsonwebtoken/-/jsonwebtoken-9.0.0.tgz",
      "integrity": "sha512-tuGfYXxkQGDPnLJ7SibiQgVgeDgfbPq2k2ICcbgqW8WxWLBAxKQM/ZCu/IT8SOSwmaYl4dpTFCW5xZv7YbbWUw==",
      "requires": {
        "jws": "^3.2.2",
        "lodash": "^4.17.21",
        "ms": "^2.1.1",
        "semver": "^7.3.8"
      }
    },
    "jwa": {
      "version": "1.4.1",
      "resolved": "https://registry.npmjs.org/jwa/-/jwa-1.4.1.tgz",
      "integrity": "sha512-qiLX/xhEEFKUAJ6FiBMbes3w9ATzyk5W7Hvzpa/SLYdxNtng+gcurvrI7TbACjIXlsJyr05/S1oUhZrc63evQA==",
      "requires": {
        "buffer-equal-constant-time": "1.0.1",
        "ecdsa-sig-formatter": "1.0.11",
        "safe-buffer": "^5.0.1"
      }
    },
    "jws": {
      "version": "3.2.2",
      "resolved": "https://registry.npmjs.org/jws/-/jws-3.2.2.tgz",
      "integrity": "sha512-YHlZCB6lMTllWDtSPHz/ZXTsi8S00usEV6v1tjq8tOUZzw7DpSDWVXjXDre6ed1w/pd495ODpHZYSdkRTsa0HA==",
      "requires": {
        "jwa": "^1.4.1",
        "safe-buffer": "^5.0.1"
      }
    },
    "lit-element": {
      "version": "2.5.1",
      "resolved": "https://registry.npmjs.org/lit-element/-/lit-element-2.5.1.tgz",
      "integrity": "sha512-ogu7PiJTA33bEK0xGu1dmaX5vhcRjBXCFexPja0e7P7jqLhTpNKYRPmE+GmiCaRVAbiQKGkUgkh/i6+bh++dPQ==",
      "requires": {
        "lit-html": "^1.1.1"
      }
    },
    "lit-html": {
      "version": "1.4.1",
      "resolved": "https://registry.npmjs.org/lit-html/-/lit-html-1.4.1.tgz",
      "integrity": "sha512-B9btcSgPYb1q4oSOb/PrOT6Z/H+r6xuNzfH4lFli/AWhYwdtrgQkQWBbIc6mdnf6E2IL3gDXdkkqNktpU0OZQA=="
    },
    "lodash": {
      "version": "4.17.21",
      "resolved": "https://registry.npmjs.org/lodash/-/lodash-4.17.21.tgz",
      "integrity": "sha512-v2kDEe57lecTulaDIuNTPy3Ry4gLGJ6Z1O3vE1krgXZNrsQ+LFTGHVxVjcXPs17LhbZVGedAJv8XZ1tvj5FvSg=="
    },
    "lru-cache": {
      "version": "6.0.0",
      "resolved": "https://registry.npmjs.org/lru-cache/-/lru-cache-6.0.0.tgz",
      "integrity": "sha512-Jo6dJ04CmSjuznwJSS3pUeWmd/H0ffTlkXXgwZi+eq1UCmqQwCh+eLsYOYCwY991i2Fah4h1BEMCx4qThGbsiA==",
      "requires": {
        "yallist": "^4.0.0"
      }
    },
    "ms": {
      "version": "2.1.3",
      "resolved": "https://registry.npmjs.org/ms/-/ms-2.1.3.tgz",
      "integrity": "sha512-6FlzubTLZG3J2a/NVCAleEhjzq5oxgHyaCU9yYXvcLsvoVaHJq/s5xXI6/XXP6tz7R9xAOtHnSO/tXtF3WRTlA=="
    },
    "safe-buffer": {
      "version": "5.2.1",
      "resolved": "https://registry.npmjs.org/safe-buffer/-/safe-buffer-5.2.1.tgz",
      "integrity": "sha512-rp3So07KcdmmKbGvgaNxQSJr7bGVSVk5S9Eq1F+ppbRo70+YeaDxkw5Dd8NPN+GD6bjnYm2VuPuCXmpuYvmCXQ=="
    },
    "semver": {
      "version": "7.3.8",
      "resolved": "https://registry.npmjs.org/semver/-/semver-7.3.8.tgz",
      "integrity": "sha512-NB1ctGL5rlHrPJtFDVIVzTyQylMLu9N9VICA6HSFJo8MCGVTMW6gfpicwKmmK/dAjTOrqu5l63JJOpDSrAis3A==",
      "requires": {
        "lru-cache": "^6.0.0"
      }
    },
    "yallist": {
      "version": "4.0.0",
      "resolved": "https://registry.npmjs.org/yallist/-/yallist-4.0.0.tgz",
      "integrity": "sha512-3wdGidZyq5PB084XLES5TpOSRA3wjXAlIWMhum2kRcv/41Sn2emQ0dycQW4uZXLejwKvg6EsvbdlVL+FYEct7A=="
    }
  }
}
